
Microsoft Visual Studio Solution File, Format Version 12.00
# Visual Studio Version 17
VisualStudioVersion = 17.5.33530.505
MinimumVisualStudioVersion = 10.0.40219.1
Project("{9A19103F-16F7-4668-BE54-9A1E7A4F7556}") = "TechnicalTest.WebServices", "TechnicalTest.WebServices.csproj", "{6C5DF5BD-042A-4A17-8320-AF5CDF269369}"
EndProject
Project("{FAE04EC0-301F-11D3-BF4B-00C04F79EFBC}") = "TechcnicalTest.Models", "..\TechcnicalTest.Models\TechcnicalTest.Models.csproj", "{68499456-76C6-48C7-9351-7F01E652CB62}"
EndProject
Global
	GlobalSection(SolutionConfigurationPlatforms) = preSolution
		Debug|Any CPU = Debug|Any CPU
		Release|Any CPU = Release|Any CPU
	EndGlobalSection
	GlobalSection(ProjectConfigurationPlatforms) = postSolution
		{6C5DF5BD-042A-4A17-8320-AF5CDF269369}.Debug|Any CPU.ActiveCfg = Debug|Any CPU
		{6C5DF5BD-042A-4A17-8320-AF5CDF269369}.Debug|Any CPU.Build.0 = Debug|Any CPU
		{6C5DF5BD-042A-4A17-8320-AF5CDF269369}.Release|Any CPU.ActiveCfg = Release|Any CPU
		{6C5DF5BD-042A-4A17-8320-AF5CDF269369}.Release|Any CPU.Build.0 = Release|Any CPU
		{68499456-76C6-48C7-9351-7F01E652CB62}.Debug|Any CPU.ActiveCfg = Debug|Any CPU
		{68499456-76C6-48C7-9351-7F01E652CB62}.Debug|Any CPU.Build.0 = Debug|Any CPU
		{68499456-76C6-48C7-9351-7F01E652CB62}.Release|Any CPU.ActiveCfg = Release|Any CPU
		{68499456-76C6-48C7-9351-7F01E652CB62}.Release|Any CPU.Build.0 = Release|Any CPU
	EndGlobalSection
	GlobalSection(SolutionProperties) = preSolution
		HideSolutionNode = FALSE
	EndGlobalSection
	GlobalSection(ExtensibilityGlobals) = postSolution
		SolutionGuid = {2F7705F8-03F0-4957-A16F-80CA085CDDCD}
	EndGlobalSection
EndGlobal
